
Microsoft Visual Studio Solution File, Format Version 12.00
# Visual Studio Version 17
VisualStudioVersion = 17.4.33015.44
MinimumVisualStudioVersion = 10.0.40219.1
Project("{9A19103F-16F7-4668-BE54-9A1E7A4F7556}") = "ECampus.Shared", "ECampus.Shared\ECampus.Shared.csproj", "{17D1A6AB-4B91-4E8C-91B9-9F8D1F4F711D}"
EndProject
Project("{9A19103F-16F7-4668-BE54-9A1E7A4F7556}") = "ECampus.Infrastructure", "ECampus.Infrastructure\ECampus.Infrastructure.csproj", "{C3BE9554-1940-47E8-89A8-C1CF4D31BAD7}"
EndProject
Project("{2150E333-8FDC-42A3-9474-1A3956D46DE8}") = "6. tests", "6. tests", "{BF044F28-7BD1-406A-8A9F-CFFDD00C419F}"
EndProject
Project("{FAE04EC0-301F-11D3-BF4B-00C04F79EFBC}") = "ECampus.Tests.Shared", "ECampus.Tests.Shared\ECampus.Tests.Shared.csproj", "{693D7204-7790-404F-B589-612E0239D19B}"
EndProject
Project("{FAE04EC0-301F-11D3-BF4B-00C04F79EFBC}") = "ECampus.Tests.Unit", "ECampus.Tests.Unit\ECampus.Tests.Unit.csproj", "{14612C61-126B-4A60-8456-0225D021E85C}"
EndProject
Project("{FAE04EC0-301F-11D3-BF4B-00C04F79EFBC}") = "ECampus.Tests.Integration", "ECampus.Tests.Integration\ECampus.Tests.Integration.csproj", "{99301C1C-C5CE-4B13-97D5-706250C6506C}"
EndProject
Project("{FAE04EC0-301F-11D3-BF4B-00C04F79EFBC}") = "ECampus.FrontEnd", "ECampus.FrontEnd\ECampus.FrontEnd.csproj", "{3145D277-D931-47AE-9A09-51B8D63544DB}"
EndProject
Project("{FAE04EC0-301F-11D3-BF4B-00C04F79EFBC}") = "ECampus.Messaging", "ECampus.Messaging\ECampus.Messaging.csproj", "{0BD1C1D5-BF8D-4CFA-A12D-047E16DE9A9E}"
EndProject
Project("{FAE04EC0-301F-11D3-BF4B-00C04F79EFBC}") = "ECampus.Services", "ECampus.Services\ECampus.Services.csproj", "{8415C620-D0A4-4E1C-8985-9A1B4F27DC6F}"
EndProject
Project("{FAE04EC0-301F-11D3-BF4B-00C04F79EFBC}") = "ECampus.Core", "ECampus.Core\ECampus.Core.csproj", "{DA22A3F4-F7C1-4E25-82C7-495B61699BE5}"
EndProject
Project("{FAE04EC0-301F-11D3-BF4B-00C04F79EFBC}") = "ECampus.DataAccess", "ECampus.DataAccess\ECampus.DataAccess.csproj", "{A4C79F71-4F76-4005-80C6-D412756F94AB}"
EndProject
Project("{2150E333-8FDC-42A3-9474-1A3956D46DE8}") = "1. Core", "1. Core", "{0F129382-FB39-49C0-A249-7F9D9839B0AC}"
EndProject
Project("{2150E333-8FDC-42A3-9474-1A3956D46DE8}") = "2. DataAccess", "2. DataAccess", "{44E610B4-69DB-4639-B95C-F1A5383B6C77}"
EndProject
Project("{FAE04EC0-301F-11D3-BF4B-00C04F79EFBC}") = "ECampus.DataAccess.Contracts", "ECampus.DataAccess.Contracts\ECampus.DataAccess.Contracts.csproj", "{9020F4CF-82D7-4C93-BA1D-9A9D6B516FED}"
EndProject
Project("{2150E333-8FDC-42A3-9474-1A3956D46DE8}") = "4. Presentation", "4. Presentation", "{647A292A-4D83-46C4-BEE2-3B5A23517371}"
EndProject
Project("{2150E333-8FDC-42A3-9474-1A3956D46DE8}") = "3. Services", "3. Services", "{4C3F6D30-B760-4564-BCAC-878E864E6DA0}"
EndProject
Project("{2150E333-8FDC-42A3-9474-1A3956D46DE8}") = "5. Messaging", "5. Messaging", "{C4358731-B49E-45F1-8367-DCD9BD23B439}"
EndProject
Project("{FAE04EC0-301F-11D3-BF4B-00C04F79EFBC}") = "ECampus.Services.Contracts", "ECampus.Services.Contracts\ECampus.Services.Contracts.csproj", "{3FC38D86-6D0D-4367-856F-A512D18407ED}"
EndProject
Project("{FAE04EC0-301F-11D3-BF4B-00C04F79EFBC}") = "ECampus.Host", "ECampus.Host\ECampus.Host.csproj", "{1B65C94E-FD8C-4A9E-8D24-33BCFFE69792}"
EndProject
Project("{FAE04EC0-301F-11D3-BF4B-00C04F79EFBC}") = "ECampus.WebApi", "ECampus.WebApi\ECampus.WebApi.csproj", "{F0FA18D4-8389-48DA-95EB-C0B99F147A6C}"
EndProject
Global
	GlobalSection(SolutionConfigurationPlatforms) = preSolution
		Debug|Any CPU = Debug|Any CPU
		Release|Any CPU = Release|Any CPU
	EndGlobalSection
	GlobalSection(ProjectConfigurationPlatforms) = postSolution
		{17D1A6AB-4B91-4E8C-91B9-9F8D1F4F711D}.Debug|Any CPU.ActiveCfg = Debug|Any CPU
		{17D1A6AB-4B91-4E8C-91B9-9F8D1F4F711D}.Debug|Any CPU.Build.0 = Debug|Any CPU
		{17D1A6AB-4B91-4E8C-91B9-9F8D1F4F711D}.Release|Any CPU.ActiveCfg = Release|Any CPU
		{17D1A6AB-4B91-4E8C-91B9-9F8D1F4F711D}.Release|Any CPU.Build.0 = Release|Any CPU
		{C3BE9554-1940-47E8-89A8-C1CF4D31BAD7}.Debug|Any CPU.ActiveCfg = Debug|Any CPU
		{C3BE9554-1940-47E8-89A8-C1CF4D31BAD7}.Debug|Any CPU.Build.0 = Debug|Any CPU
		{C3BE9554-1940-47E8-89A8-C1CF4D31BAD7}.Release|Any CPU.ActiveCfg = Release|Any CPU
		{C3BE9554-1940-47E8-89A8-C1CF4D31BAD7}.Release|Any CPU.Build.0 = Release|Any CPU
		{693D7204-7790-404F-B589-612E0239D19B}.Debug|Any CPU.ActiveCfg = Debug|Any CPU
		{693D7204-7790-404F-B589-612E0239D19B}.Debug|Any CPU.Build.0 = Debug|Any CPU
		{693D7204-7790-404F-B589-612E0239D19B}.Release|Any CPU.ActiveCfg = Release|Any CPU
		{693D7204-7790-404F-B589-612E0239D19B}.Release|Any CPU.Build.0 = Release|Any CPU
		{14612C61-126B-4A60-8456-0225D021E85C}.Debug|Any CPU.ActiveCfg = Debug|Any CPU
		{14612C61-126B-4A60-8456-0225D021E85C}.Debug|Any CPU.Build.0 = Debug|Any CPU
		{14612C61-126B-4A60-8456-0225D021E85C}.Release|Any CPU.ActiveCfg = Release|Any CPU
		{14612C61-126B-4A60-8456-0225D021E85C}.Release|Any CPU.Build.0 = Release|Any CPU
		{99301C1C-C5CE-4B13-97D5-706250C6506C}.Debug|Any CPU.ActiveCfg = Debug|Any CPU
		{99301C1C-C5CE-4B13-97D5-706250C6506C}.Debug|Any CPU.Build.0 = Debug|Any CPU
		{99301C1C-C5CE-4B13-97D5-706250C6506C}.Release|Any CPU.ActiveCfg = Release|Any CPU
		{99301C1C-C5CE-4B13-97D5-706250C6506C}.Release|Any CPU.Build.0 = Release|Any CPU
		{3145D277-D931-47AE-9A09-51B8D63544DB}.Debug|Any CPU.ActiveCfg = Debug|Any CPU
		{3145D277-D931-47AE-9A09-51B8D63544DB}.Debug|Any CPU.Build.0 = Debug|Any CPU
		{3145D277-D931-47AE-9A09-51B8D63544DB}.Release|Any CPU.ActiveCfg = Release|Any CPU
		{3145D277-D931-47AE-9A09-51B8D63544DB}.Release|Any CPU.Build.0 = Release|Any CPU
		{0BD1C1D5-BF8D-4CFA-A12D-047E16DE9A9E}.Debug|Any CPU.ActiveCfg = Debug|Any CPU
		{0BD1C1D5-BF8D-4CFA-A12D-047E16DE9A9E}.Debug|Any CPU.Build.0 = Debug|Any CPU
		{0BD1C1D5-BF8D-4CFA-A12D-047E16DE9A9E}.Release|Any CPU.ActiveCfg = Release|Any CPU
		{0BD1C1D5-BF8D-4CFA-A12D-047E16DE9A9E}.Release|Any CPU.Build.0 = Release|Any CPU
		{8415C620-D0A4-4E1C-8985-9A1B4F27DC6F}.Debug|Any CPU.ActiveCfg = Debug|Any CPU
		{8415C620-D0A4-4E1C-8985-9A1B4F27DC6F}.Debug|Any CPU.Build.0 = Debug|Any CPU
		{8415C620-D0A4-4E1C-8985-9A1B4F27DC6F}.Release|Any CPU.ActiveCfg = Release|Any CPU
		{8415C620-D0A4-4E1C-8985-9A1B4F27DC6F}.Release|Any CPU.Build.0 = Release|Any CPU
		{DA22A3F4-F7C1-4E25-82C7-495B61699BE5}.Debug|Any CPU.ActiveCfg = Debug|Any CPU
		{DA22A3F4-F7C1-4E25-82C7-495B61699BE5}.Debug|Any CPU.Build.0 = Debug|Any CPU
		{DA22A3F4-F7C1-4E25-82C7-495B61699BE5}.Release|Any CPU.ActiveCfg = Release|Any CPU
		{DA22A3F4-F7C1-4E25-82C7-495B61699BE5}.Release|Any CPU.Build.0 = Release|Any CPU
		{A4C79F71-4F76-4005-80C6-D412756F94AB}.Debug|Any CPU.ActiveCfg = Debug|Any CPU
		{A4C79F71-4F76-4005-80C6-D412756F94AB}.Debug|Any CPU.Build.0 = Debug|Any CPU
		{A4C79F71-4F76-4005-80C6-D412756F94AB}.Release|Any CPU.ActiveCfg = Release|Any CPU
		{A4C79F71-4F76-4005-80C6-D412756F94AB}.Release|Any CPU.Build.0 = Release|Any CPU
		{9020F4CF-82D7-4C93-BA1D-9A9D6B516FED}.Debug|Any CPU.ActiveCfg = Debug|Any CPU
		{9020F4CF-82D7-4C93-BA1D-9A9D6B516FED}.Debug|Any CPU.Build.0 = Debug|Any CPU
		{9020F4CF-82D7-4C93-BA1D-9A9D6B516FED}.Release|Any CPU.ActiveCfg = Release|Any CPU
		{9020F4CF-82D7-4C93-BA1D-9A9D6B516FED}.Release|Any CPU.Build.0 = Release|Any CPU
		{3FC38D86-6D0D-4367-856F-A512D18407ED}.Debug|Any CPU.ActiveCfg = Debug|Any CPU
		{3FC38D86-6D0D-4367-856F-A512D18407ED}.Debug|Any CPU.Build.0 = Debug|Any CPU
		{3FC38D86-6D0D-4367-856F-A512D18407ED}.Release|Any CPU.ActiveCfg = Release|Any CPU
		{3FC38D86-6D0D-4367-856F-A512D18407ED}.Release|Any CPU.Build.0 = Release|Any CPU
		{1B65C94E-FD8C-4A9E-8D24-33BCFFE69792}.Debug|Any CPU.ActiveCfg = Debug|Any CPU
		{1B65C94E-FD8C-4A9E-8D24-33BCFFE69792}.Debug|Any CPU.Build.0 = Debug|Any CPU
		{1B65C94E-FD8C-4A9E-8D24-33BCFFE69792}.Release|Any CPU.ActiveCfg = Release|Any CPU
		{1B65C94E-FD8C-4A9E-8D24-33BCFFE69792}.Release|Any CPU.Build.0 = Release|Any CPU
		{F0FA18D4-8389-48DA-95EB-C0B99F147A6C}.Debug|Any CPU.ActiveCfg = Debug|Any CPU
		{F0FA18D4-8389-48DA-95EB-C0B99F147A6C}.Debug|Any CPU.Build.0 = Debug|Any CPU
		{F0FA18D4-8389-48DA-95EB-C0B99F147A6C}.Release|Any CPU.ActiveCfg = Release|Any CPU
		{F0FA18D4-8389-48DA-95EB-C0B99F147A6C}.Release|Any CPU.Build.0 = Release|Any CPU
	EndGlobalSection
	GlobalSection(SolutionProperties) = preSolution
		HideSolutionNode = FALSE
	EndGlobalSection
	GlobalSection(NestedProjects) = preSolution
		{693D7204-7790-404F-B589-612E0239D19B} = {BF044F28-7BD1-406A-8A9F-CFFDD00C419F}
		{14612C61-126B-4A60-8456-0225D021E85C} = {BF044F28-7BD1-406A-8A9F-CFFDD00C419F}
		{99301C1C-C5CE-4B13-97D5-706250C6506C} = {BF044F28-7BD1-406A-8A9F-CFFDD00C419F}
		{DA22A3F4-F7C1-4E25-82C7-495B61699BE5} = {0F129382-FB39-49C0-A249-7F9D9839B0AC}
		{17D1A6AB-4B91-4E8C-91B9-9F8D1F4F711D} = {0F129382-FB39-49C0-A249-7F9D9839B0AC}
		{9020F4CF-82D7-4C93-BA1D-9A9D6B516FED} = {44E610B4-69DB-4639-B95C-F1A5383B6C77}
		{A4C79F71-4F76-4005-80C6-D412756F94AB} = {44E610B4-69DB-4639-B95C-F1A5383B6C77}
		{C3BE9554-1940-47E8-89A8-C1CF4D31BAD7} = {44E610B4-69DB-4639-B95C-F1A5383B6C77}
		{3145D277-D931-47AE-9A09-51B8D63544DB} = {647A292A-4D83-46C4-BEE2-3B5A23517371}
		{8415C620-D0A4-4E1C-8985-9A1B4F27DC6F} = {4C3F6D30-B760-4564-BCAC-878E864E6DA0}
		{0BD1C1D5-BF8D-4CFA-A12D-047E16DE9A9E} = {C4358731-B49E-45F1-8367-DCD9BD23B439}
		{3FC38D86-6D0D-4367-856F-A512D18407ED} = {4C3F6D30-B760-4564-BCAC-878E864E6DA0}
		{F0FA18D4-8389-48DA-95EB-C0B99F147A6C} = {647A292A-4D83-46C4-BEE2-3B5A23517371}
	EndGlobalSection
	GlobalSection(ExtensibilityGlobals) = postSolution
		SolutionGuid = {63E4F5B7-9FF0-4456-8DFC-DB74808DB92C}
	EndGlobalSection
EndGlobal
